{
  "version": 4,
  "terraform_version": "1.13.3",
  "serial": 51,
  "lineage": "79ccc66a-602d-562f-3e3c-e49e05b9b3f4",
  "outputs": {
    "ec2_info": {
      "value": {
        "agent_name": "aws-ubuntu-smashing-reptile",
        "command_to_connect": "ssh ubuntu@18.136.196.1",
        "private_ip": "172.31.28.249",
        "public_ip": "18.136.196.1"
      },
      "type": [
        "object",
        {
          "agent_name": "string",
          "command_to_connect": "string",
          "private_ip": "string",
          "public_ip": "string"
        }
      ]
    }
  },
  "resources": [
    {
      "mode": "managed",
      "type": "aws_instance",
      "name": "ec2",
      "provider": "provider[\"registry.terraform.io/hashicorp/aws\"]",
      "instances": [
        {
          "schema_version": 2,
          "attributes": {
            "ami": "ami-0827b3068f1548bf6",
            "arn": "arn:aws:ec2:ap-southeast-1:703671893711:instance/i-032dc710994d1147c",
            "associate_public_ip_address": true,
            "availability_zone": "ap-southeast-1b",
            "capacity_reservation_specification": [
              {
                "capacity_reservation_preference": "open",
                "capacity_reservation_target": []
              }
            ],
            "cpu_options": [
              {
                "amd_sev_snp": "",
                "core_count": 1,
                "threads_per_core": 1
              }
            ],
            "credit_specification": [
              {
                "cpu_credits": "standard"
              }
            ],
            "disable_api_stop": false,
            "disable_api_termination": false,
            "ebs_block_device": [],
            "ebs_optimized": false,
            "enable_primary_ipv6": null,
            "enclave_options": [
              {
                "enabled": false
              }
            ],
            "ephemeral_block_device": [],
            "force_destroy": false,
            "get_password_data": false,
            "hibernation": false,
            "host_id": "",
            "host_resource_group_arn": null,
            "iam_instance_profile": "",
            "id": "i-032dc710994d1147c",
            "instance_initiated_shutdown_behavior": "stop",
            "instance_lifecycle": "",
            "instance_market_options": [],
            "instance_state": "running",
            "instance_type": "t2.micro",
            "ipv6_address_count": 0,
            "ipv6_addresses": [],
            "key_name": "agent_key.pub",
            "launch_template": [],
            "maintenance_options": [
              {
                "auto_recovery": "default"
              }
            ],
            "metadata_options": [
              {
                "http_endpoint": "enabled",
                "http_protocol_ipv6": "disabled",
                "http_put_response_hop_limit": 1,
                "http_tokens": "optional",
                "instance_metadata_tags": "disabled"
              }
            ],
            "monitoring": false,
            "network_interface": [],
            "outpost_arn": "",
            "password_data": "",
            "placement_group": "",
            "placement_group_id": "",
            "placement_partition_number": 0,
            "primary_network_interface": [
              {
                "delete_on_termination": true,
                "network_interface_id": "eni-012a81199b6bfc746"
              }
            ],
            "primary_network_interface_id": "eni-012a81199b6bfc746",
            "private_dns": "ip-172-31-28-249.ap-southeast-1.compute.internal",
            "private_dns_name_options": [
              {
                "enable_resource_name_dns_a_record": false,
                "enable_resource_name_dns_aaaa_record": false,
                "hostname_type": "ip-name"
              }
            ],
            "private_ip": "172.31.28.249",
            "public_dns": "ec2-18-136-196-1.ap-southeast-1.compute.amazonaws.com",
            "public_ip": "18.136.196.1",
            "region": "ap-southeast-1",
            "root_block_device": [
              {
                "delete_on_termination": true,
                "device_name": "/dev/sda1",
                "encrypted": false,
                "iops": 100,
                "kms_key_id": "",
                "tags": {},
                "tags_all": {},
                "throughput": 0,
                "volume_id": "vol-0280133654a29ab78",
                "volume_size": 8,
                "volume_type": "gp2"
              }
            ],
            "secondary_private_ips": [],
            "security_groups": [
              "default"
            ],
            "source_dest_check": true,
            "spot_instance_request_id": "",
            "subnet_id": "subnet-0daa3fc8b8e7fcd6b",
            "tags": {
              "Name": "agent"
            },
            "tags_all": {
              "Name": "agent"
            },
            "tenancy": "default",
            "timeouts": null,
            "user_data": null,
            "user_data_base64": "IyEvYmluL2Jhc2gKCnNldCAtZQoKZWNobyAiVGhpcyBzY3JpcHQgd2lsbCBpbnN0YWxsIGF6dXJlIGRldm9wcyBhZ2VudCBydW5uZXIiCmVjaG8gImh0dHBzOi8vZGV2LmF6dXJlLmNvbS9zaGFraWxvcHMgYXdzLXVidW50dSBhd3MtdWJ1bnR1LXNtYXNoaW5nLXJlcHRpbGUiCiMgU3dpdGNoIHRvIHVidW50dSB1c2VyIGFuZCBydW4gZXZlcnl0aGluZyBhcyBub24tcm9vdAoKc3UgLSB1YnVudHUgLWMgIgpjZCAvaG9tZS91YnVudHUKbWtkaXIgLXAgbXlhZ2VudCAmJiBjZCBteWFnZW50CndnZXQgaHR0cHM6Ly9kb3dubG9hZC5hZ2VudC5kZXYuYXp1cmUuY29tL2FnZW50LzQuMjYxLjAvdnN0cy1hZ2VudC1saW51eC14NjQtNC4yNjEuMC50YXIuZ3oKdGFyIHp4dmYgdnN0cy1hZ2VudC1saW51eC14NjQtNC4yNjEuMC50YXIuZ3oKLi9jb25maWcuc2ggLS11bmF0dGVuZGVkIC0tdXJsIFwiaHR0cHM6Ly9kZXYuYXp1cmUuY29tL3NoYWtpbG9wc1wiIC0tYXV0aCBQQVQgLS10b2tlbiBcImJ6d1VvSGNhUVVEanZXVHJMdjM3aWx1N21TWHg1clRXcFJzWnNwcDc2MXJFNXVsMmtqcVVKUVFKOTlCS0FDQUFBQUFBQUFBQUFBQVNBWkRPM3U5clwiIC0tcG9vbCBcImF3cy11YnVudHVcIiAtLWFnZW50IFwiYXdzLXVidW50dS1zbWFzaGluZy1yZXB0aWxlXCIgLS1hY2NlcHRUZWVFdWxhIC0tcnVuQXNTZXJ2aWNlCnN1ZG8gLi9zdmMuc2ggaW5zdGFsbApzdWRvIC4vc3ZjLnNoIHN0YXJ0CiIK",
            "user_data_replace_on_change": false,
            "volume_tags": null,
            "vpc_security_group_ids": [
              "sg-0288681279ceb59da"
            ]
          },
          "sensitive_attributes": [],
          "identity_schema_version": 0,
          "identity": {
            "account_id": "703671893711",
            "id": "i-032dc710994d1147c",
            "region": "ap-southeast-1"
          },
          "private": "eyJlMmJmYjczMC1lY2FhLTExZTYtOGY4OC0zNDM2M2JjN2M0YzAiOnsiY3JlYXRlIjo2MDAwMDAwMDAwMDAsImRlbGV0ZSI6MTIwMDAwMDAwMDAwMCwicmVhZCI6OTAwMDAwMDAwMDAwLCJ1cGRhdGUiOjYwMDAwMDAwMDAwMH0sInNjaGVtYV92ZXJzaW9uIjoiMiJ9",
          "dependencies": [
            "aws_key_pair.ssh_key",
            "random_pet.pet"
          ]
        }
      ]
    },
    {
      "mode": "managed",
      "type": "aws_key_pair",
      "name": "ssh_key",
      "provider": "provider[\"registry.terraform.io/hashicorp/aws\"]",
      "instances": [
        {
          "schema_version": 1,
          "attributes": {
            "arn": "arn:aws:ec2:ap-southeast-1:703671893711:key-pair/agent_key.pub",
            "fingerprint": "8c:a4:57:8a:d1:8c:73:de:4c:f2:87:b5:87:8e:87:55",
            "id": "agent_key.pub",
            "key_name": "agent_key.pub",
            "key_name_prefix": "",
            "key_pair_id": "key-0d26792da96bf94ac",
            "key_type": "rsa",
            "public_key": "ssh-rsa AAAAB3NzaC1yc2EAAAADAQABAAABgQDBShfjJhjUxmE02Fb87bR7srrPdDxidu5W5Rb4nZrisul8kUqo5DVqst9KYJpZQSTVYdiFFYfwusIPEej0M06NiJhKsVf/8AlmdN6koqgVYcd9e+t3rEsHYWph5C6AEWIZqUx8CIIAuM1u+IPmiWCOiVCb30kTQoXXyVAauNU6+wtMseMjQ0hER9EYaweocUGzzOLEuvlArYgdrYhVgIYfFyhFv3+jnVOIu6ek8mU0RaVf9v3NaXZjrOMXHvHXQI0su1O+imvCVE8q9qxpzEO8BfJIc4jp5IUKojhIyCtb8YrlFkEp7CXQK+W8C6FewZVgYJX3sQqmoZFIMWrtoiZ7HtH4sLbflU+s6v0t428Us9tVawBihotGba+ctvch4i6n9yLTz82Cuktl8YCCWABh0fK22q5RiHSAQ/HxPLC6CJOisH3s/fwJoIgWPloYHz4OZieYZx8yY/SL/Mj5VFt2axFzILYuQ9dX60xzwmvYgnqLgkuNg7FbGKmcwWMtEMs= imshakil@Mobaraks-MacBook-Pro.local",
            "region": "ap-southeast-1",
            "tags": null,
            "tags_all": {}
          },
          "sensitive_attributes": [],
          "identity_schema_version": 0,
          "private": "eyJzY2hlbWFfdmVyc2lvbiI6IjEifQ=="
        }
      ]
    },
    {
      "mode": "managed",
      "type": "random_pet",
      "name": "pet",
      "provider": "provider[\"registry.terraform.io/hashicorp/random\"]",
      "instances": [
        {
          "schema_version": 0,
          "attributes": {
            "id": "smashing-reptile",
            "keepers": null,
            "length": 2,
            "prefix": null,
            "separator": "-"
          },
          "sensitive_attributes": [],
          "identity_schema_version": 0
        }
      ]
    }
  ],
  "check_results": null
}
